
Microsoft Visual Studio Solution File, Format Version 12.00
# Visual Studio Version 17
VisualStudioVersion = 17.14.36518.9
MinimumVisualStudioVersion = 10.0.40219.1
Project("{2150E333-8FDC-42A3-9474-1A3956D46DE8}") = "Task0", "Task0", "{02EA681E-C7D8-13C7-8484-4AC65E1B71E8}"
EndProject
Project("{FAE04EC0-301F-11D3-BF4B-00C04F79EFBC}") = "Tyuiu.YachmenevaPV.Sprint6.Task0.V3.Lib", "Tyuiu.YachmenevaPV.Sprint6.Task0.V3.Lib\Tyuiu.YachmenevaPV.Sprint6.Task0.V3.Lib.csproj", "{E77AA4A9-C46C-468E-B9F7-4987FC77552D}"
EndProject
Project("{FAE04EC0-301F-11D3-BF4B-00C04F79EFBC}") = "Tyuiu.YachmenevaPV.Sprint6.Task0.V3.Test", "Tyuiu.YachmenevaPV.Sprint6.Task0.V3.Test\Tyuiu.YachmenevaPV.Sprint6.Task0.V3.Test.csproj", "{6205BB90-6C5C-4D04-988A-C4F5A027BD5B}"
EndProject
Project("{FAE04EC0-301F-11D3-BF4B-00C04F79EFBC}") = "Tyuiu.YachmenevaPV.Sprint6.Task0.V3", "Tyuiu.YachmenevaPV.Sprint6.Task0.V3\Tyuiu.YachmenevaPV.Sprint6.Task0.V3.csproj", "{F96928AE-223D-4E1A-8A99-8ADF7C6B52B1}"
EndProject
Project("{2150E333-8FDC-42A3-9474-1A3956D46DE8}") = "Task1", "Task1", "{E0929DCE-82D5-4E34-9541-957AD397EA6C}"
EndProject
Project("{FAE04EC0-301F-11D3-BF4B-00C04F79EFBC}") = "Tyuiu.YachmenevaPV.Sprint6.Task1.V29.Test", "Tyuiu.YachmenevaPV.Sprint6.Task1.V29.Test\Tyuiu.YachmenevaPV.Sprint6.Task1.V29.Test.csproj", "{CDCF6580-6F1D-4113-867F-64F5B6F9A638}"
EndProject
Project("{FAE04EC0-301F-11D3-BF4B-00C04F79EFBC}") = "Tyuiu.YachmenevaPV.Sprint6.Task1.V29.Lib", "Tyuiu.YachmenevaPV.Sprint6.Task1.V29.Lib\Tyuiu.YachmenevaPV.Sprint6.Task1.V29.Lib.csproj", "{58B250C3-1FE5-4BDB-BCC1-57640B2BE41B}"
EndProject
Project("{FAE04EC0-301F-11D3-BF4B-00C04F79EFBC}") = "Tyuiu.YachmenevaPV.Sprint6.Task1.V29", "Tyuiu.YachmenevaPV.Sprint6.Task1.V29\Tyuiu.YachmenevaPV.Sprint6.Task1.V29.csproj", "{A8BFE611-E412-42CF-8E7F-ADCBA6593E9C}"
EndProject
Project("{2150E333-8FDC-42A3-9474-1A3956D46DE8}") = "Task2", "Task2", "{3C28AD04-7BD7-4F22-A3BB-BEFB13CBD69A}"
EndProject
Project("{FAE04EC0-301F-11D3-BF4B-00C04F79EFBC}") = "Tyuiu.YachmenevaPV.Sprint6.Task2.V27.Lib", "Tyuiu.YachmenevaPV.Sprint6.Task2.V27.Lib\Tyuiu.YachmenevaPV.Sprint6.Task2.V27.Lib.csproj", "{BA993B94-3F07-4439-B0D9-A4609756F3C3}"
EndProject
Project("{FAE04EC0-301F-11D3-BF4B-00C04F79EFBC}") = "Tyuiu.YachmenevaPV.Sprint6.Task2.V27.Test", "Tyuiu.YachmenevaPV.Sprint6.Task2.V27.Test\Tyuiu.YachmenevaPV.Sprint6.Task2.V27.Test.csproj", "{E36EC016-43DC-4B19-B698-AFE1CB0B4DC3}"
EndProject
Project("{FAE04EC0-301F-11D3-BF4B-00C04F79EFBC}") = "Tyuiu.YachmenevaPV.Sprint6.Task2.V27", "Tyuiu.YachmenevaPV.Sprint6.Task2.V27\Tyuiu.YachmenevaPV.Sprint6.Task2.V27.csproj", "{E60BDD5D-C368-41D8-95BF-1DB6EDA17439}"
EndProject
Project("{2150E333-8FDC-42A3-9474-1A3956D46DE8}") = "Task3", "Task3", "{A598D44A-AAC0-420A-9905-186424913E45}"
EndProject
Project("{FAE04EC0-301F-11D3-BF4B-00C04F79EFBC}") = "Tyuiu.YachmenevaPV.Sprint6.Task3.V5.Lib", "Tyuiu.YachmenevaPV.Sprint6.Task3.V5.Lib\Tyuiu.YachmenevaPV.Sprint6.Task3.V5.Lib.csproj", "{C0BA66B4-8207-4C60-BCE8-299CD7DADEBB}"
EndProject
Project("{FAE04EC0-301F-11D3-BF4B-00C04F79EFBC}") = "Tyuiu.YachmenevaPV.Sprint6.Task3.V5.Test", "Tyuiu.YachmenevaPV.Sprint6.Task3.V5.Test\Tyuiu.YachmenevaPV.Sprint6.Task3.V5.Test.csproj", "{7373B05F-EA2D-4511-8851-8427C5069A58}"
EndProject
Project("{FAE04EC0-301F-11D3-BF4B-00C04F79EFBC}") = "Tyuiu.YachmenevaPV.Sprint6.Task3.V5", "Tyuiu.YachmenevaPV.Sprint6.Task3.V5\Tyuiu.YachmenevaPV.Sprint6.Task3.V5.csproj", "{EBDA5C2A-DF59-493D-AC96-6E76FEBBF9A6}"
EndProject
Project("{2150E333-8FDC-42A3-9474-1A3956D46DE8}") = "Task4", "Task4", "{E94574D1-86D9-4FDF-ADBC-F425106940D8}"
EndProject
Project("{FAE04EC0-301F-11D3-BF4B-00C04F79EFBC}") = "Tyuiu.YachmenevaPV.Sprint6.Task4.V13.Lib", "Tyuiu.YachmenevaPV.Sprint6.Task4.V13.Lib\Tyuiu.YachmenevaPV.Sprint6.Task4.V13.Lib.csproj", "{7C442AF3-D3BE-44FD-ABE5-39855E11A0D6}"
EndProject
Project("{FAE04EC0-301F-11D3-BF4B-00C04F79EFBC}") = "Tyuiu.YachmenevaPV.Sprint6.Task4.V13.Test", "Tyuiu.YachmenevaPV.Sprint6.Task4.V13.Test\Tyuiu.YachmenevaPV.Sprint6.Task4.V13.Test.csproj", "{778C1C94-F6DE-4E2C-82D3-9FB8F2302837}"
EndProject
Project("{FAE04EC0-301F-11D3-BF4B-00C04F79EFBC}") = "Tyuiu.YachmenevaPV.Sprint6.Task4.V13", "Tyuiu.YachmenevaPV.Sprint6.Task4.V13\Tyuiu.YachmenevaPV.Sprint6.Task4.V13.csproj", "{6058962A-3B14-4D3A-AE19-7A17A74B93C4}"
EndProject
Project("{2150E333-8FDC-42A3-9474-1A3956D46DE8}") = "Task5", "Task5", "{08191550-F44A-463C-9FDB-3FF334729A27}"
EndProject
Project("{FAE04EC0-301F-11D3-BF4B-00C04F79EFBC}") = "Tyuiu.YachmenevaPV.Sprint6.Task5.V27.Lib", "Tyuiu.YachmenevaPV.Sprint6.Task5.V27.Lib\Tyuiu.YachmenevaPV.Sprint6.Task5.V27.Lib.csproj", "{D464D5C9-84E6-4691-B7DB-8DDB8DE862A3}"
EndProject
Project("{FAE04EC0-301F-11D3-BF4B-00C04F79EFBC}") = "Tyuiu.YachmenevaPV.Sprint6.Task5.V27.Test", "Tyuiu.YachmenevaPV.Sprint6.Task5.V27.Test\Tyuiu.YachmenevaPV.Sprint6.Task5.V27.Test.csproj", "{4759A24D-5A2E-4642-8C4D-D659E94C8A19}"
EndProject
Project("{FAE04EC0-301F-11D3-BF4B-00C04F79EFBC}") = "Tyuiu.YachmenevaPV.Sprint6.Task5.V27", "Tyuiu.YachmenevaPV.Sprint6.Task5.V27\Tyuiu.YachmenevaPV.Sprint6.Task5.V27.csproj", "{C2A5FD76-89ED-4895-A842-5910C0E9401D}"
EndProject
Global
	GlobalSection(SolutionConfigurationPlatforms) = preSolution
		Debug|Any CPU = Debug|Any CPU
		Release|Any CPU = Release|Any CPU
	EndGlobalSection
	GlobalSection(ProjectConfigurationPlatforms) = postSolution
		{E77AA4A9-C46C-468E-B9F7-4987FC77552D}.Debug|Any CPU.ActiveCfg = Debug|Any CPU
		{E77AA4A9-C46C-468E-B9F7-4987FC77552D}.Debug|Any CPU.Build.0 = Debug|Any CPU
		{E77AA4A9-C46C-468E-B9F7-4987FC77552D}.Release|Any CPU.ActiveCfg = Release|Any CPU
		{E77AA4A9-C46C-468E-B9F7-4987FC77552D}.Release|Any CPU.Build.0 = Release|Any CPU
		{6205BB90-6C5C-4D04-988A-C4F5A027BD5B}.Debug|Any CPU.ActiveCfg = Debug|Any CPU
		{6205BB90-6C5C-4D04-988A-C4F5A027BD5B}.Debug|Any CPU.Build.0 = Debug|Any CPU
		{6205BB90-6C5C-4D04-988A-C4F5A027BD5B}.Release|Any CPU.ActiveCfg = Release|Any CPU
		{6205BB90-6C5C-4D04-988A-C4F5A027BD5B}.Release|Any CPU.Build.0 = Release|Any CPU
		{F96928AE-223D-4E1A-8A99-8ADF7C6B52B1}.Debug|Any CPU.ActiveCfg = Debug|Any CPU
		{F96928AE-223D-4E1A-8A99-8ADF7C6B52B1}.Debug|Any CPU.Build.0 = Debug|Any CPU
		{F96928AE-223D-4E1A-8A99-8ADF7C6B52B1}.Release|Any CPU.ActiveCfg = Release|Any CPU
		{F96928AE-223D-4E1A-8A99-8ADF7C6B52B1}.Release|Any CPU.Build.0 = Release|Any CPU
		{CDCF6580-6F1D-4113-867F-64F5B6F9A638}.Debug|Any CPU.ActiveCfg = Debug|Any CPU
		{CDCF6580-6F1D-4113-867F-64F5B6F9A638}.Debug|Any CPU.Build.0 = Debug|Any CPU
		{CDCF6580-6F1D-4113-867F-64F5B6F9A638}.Release|Any CPU.ActiveCfg = Release|Any CPU
		{CDCF6580-6F1D-4113-867F-64F5B6F9A638}.Release|Any CPU.Build.0 = Release|Any CPU
		{58B250C3-1FE5-4BDB-BCC1-57640B2BE41B}.Debug|Any CPU.ActiveCfg = Debug|Any CPU
		{58B250C3-1FE5-4BDB-BCC1-57640B2BE41B}.Debug|Any CPU.Build.0 = Debug|Any CPU
		{58B250C3-1FE5-4BDB-BCC1-57640B2BE41B}.Release|Any CPU.ActiveCfg = Release|Any CPU
		{58B250C3-1FE5-4BDB-BCC1-57640B2BE41B}.Release|Any CPU.Build.0 = Release|Any CPU
		{A8BFE611-E412-42CF-8E7F-ADCBA6593E9C}.Debug|Any CPU.ActiveCfg = Debug|Any CPU
		{A8BFE611-E412-42CF-8E7F-ADCBA6593E9C}.Debug|Any CPU.Build.0 = Debug|Any CPU
		{A8BFE611-E412-42CF-8E7F-ADCBA6593E9C}.Release|Any CPU.ActiveCfg = Release|Any CPU
		{A8BFE611-E412-42CF-8E7F-ADCBA6593E9C}.Release|Any CPU.Build.0 = Release|Any CPU
		{BA993B94-3F07-4439-B0D9-A4609756F3C3}.Debug|Any CPU.ActiveCfg = Debug|Any CPU
		{BA993B94-3F07-4439-B0D9-A4609756F3C3}.Debug|Any CPU.Build.0 = Debug|Any CPU
		{BA993B94-3F07-4439-B0D9-A4609756F3C3}.Release|Any CPU.ActiveCfg = Release|Any CPU
		{BA993B94-3F07-4439-B0D9-A4609756F3C3}.Release|Any CPU.Build.0 = Release|Any CPU
		{E36EC016-43DC-4B19-B698-AFE1CB0B4DC3}.Debug|Any CPU.ActiveCfg = Debug|Any CPU
		{E36EC016-43DC-4B19-B698-AFE1CB0B4DC3}.Debug|Any CPU.Build.0 = Debug|Any CPU
		{E36EC016-43DC-4B19-B698-AFE1CB0B4DC3}.Release|Any CPU.ActiveCfg = Release|Any CPU
		{E36EC016-43DC-4B19-B698-AFE1CB0B4DC3}.Release|Any CPU.Build.0 = Release|Any CPU
		{E60BDD5D-C368-41D8-95BF-1DB6EDA17439}.Debug|Any CPU.ActiveCfg = Debug|Any CPU
		{E60BDD5D-C368-41D8-95BF-1DB6EDA17439}.Debug|Any CPU.Build.0 = Debug|Any CPU
		{E60BDD5D-C368-41D8-95BF-1DB6EDA17439}.Release|Any CPU.ActiveCfg = Release|Any CPU
		{E60BDD5D-C368-41D8-95BF-1DB6EDA17439}.Release|Any CPU.Build.0 = Release|Any CPU
		{C0BA66B4-8207-4C60-BCE8-299CD7DADEBB}.Debug|Any CPU.ActiveCfg = Debug|Any CPU
		{C0BA66B4-8207-4C60-BCE8-299CD7DADEBB}.Debug|Any CPU.Build.0 = Debug|Any CPU
		{C0BA66B4-8207-4C60-BCE8-299CD7DADEBB}.Release|Any CPU.ActiveCfg = Release|Any CPU
		{C0BA66B4-8207-4C60-BCE8-299CD7DADEBB}.Release|Any CPU.Build.0 = Release|Any CPU
		{7373B05F-EA2D-4511-8851-8427C5069A58}.Debug|Any CPU.ActiveCfg = Debug|Any CPU
		{7373B05F-EA2D-4511-8851-8427C5069A58}.Debug|Any CPU.Build.0 = Debug|Any CPU
		{7373B05F-EA2D-4511-8851-8427C5069A58}.Release|Any CPU.ActiveCfg = Release|Any CPU
		{7373B05F-EA2D-4511-8851-8427C5069A58}.Release|Any CPU.Build.0 = Release|Any CPU
		{EBDA5C2A-DF59-493D-AC96-6E76FEBBF9A6}.Debug|Any CPU.ActiveCfg = Debug|Any CPU
		{EBDA5C2A-DF59-493D-AC96-6E76FEBBF9A6}.Debug|Any CPU.Build.0 = Debug|Any CPU
		{EBDA5C2A-DF59-493D-AC96-6E76FEBBF9A6}.Release|Any CPU.ActiveCfg = Release|Any CPU
		{EBDA5C2A-DF59-493D-AC96-6E76FEBBF9A6}.Release|Any CPU.Build.0 = Release|Any CPU
		{7C442AF3-D3BE-44FD-ABE5-39855E11A0D6}.Debug|Any CPU.ActiveCfg = Debug|Any CPU
		{7C442AF3-D3BE-44FD-ABE5-39855E11A0D6}.Debug|Any CPU.Build.0 = Debug|Any CPU
		{7C442AF3-D3BE-44FD-ABE5-39855E11A0D6}.Release|Any CPU.ActiveCfg = Release|Any CPU
		{7C442AF3-D3BE-44FD-ABE5-39855E11A0D6}.Release|Any CPU.Build.0 = Release|Any CPU
		{778C1C94-F6DE-4E2C-82D3-9FB8F2302837}.Debug|Any CPU.ActiveCfg = Debug|Any CPU
		{778C1C94-F6DE-4E2C-82D3-9FB8F2302837}.Debug|Any CPU.Build.0 = Debug|Any CPU
		{778C1C94-F6DE-4E2C-82D3-9FB8F2302837}.Release|Any CPU.ActiveCfg = Release|Any CPU
		{778C1C94-F6DE-4E2C-82D3-9FB8F2302837}.Release|Any CPU.Build.0 = Release|Any CPU
		{6058962A-3B14-4D3A-AE19-7A17A74B93C4}.Debug|Any CPU.ActiveCfg = Debug|Any CPU
		{6058962A-3B14-4D3A-AE19-7A17A74B93C4}.Debug|Any CPU.Build.0 = Debug|Any CPU
		{6058962A-3B14-4D3A-AE19-7A17A74B93C4}.Release|Any CPU.ActiveCfg = Release|Any CPU
		{6058962A-3B14-4D3A-AE19-7A17A74B93C4}.Release|Any CPU.Build.0 = Release|Any CPU
		{D464D5C9-84E6-4691-B7DB-8DDB8DE862A3}.Debug|Any CPU.ActiveCfg = Debug|Any CPU
		{D464D5C9-84E6-4691-B7DB-8DDB8DE862A3}.Debug|Any CPU.Build.0 = Debug|Any CPU
		{D464D5C9-84E6-4691-B7DB-8DDB8DE862A3}.Release|Any CPU.ActiveCfg = Release|Any CPU
		{D464D5C9-84E6-4691-B7DB-8DDB8DE862A3}.Release|Any CPU.Build.0 = Release|Any CPU
		{4759A24D-5A2E-4642-8C4D-D659E94C8A19}.Debug|Any CPU.ActiveCfg = Debug|Any CPU
		{4759A24D-5A2E-4642-8C4D-D659E94C8A19}.Debug|Any CPU.Build.0 = Debug|Any CPU
		{4759A24D-5A2E-4642-8C4D-D659E94C8A19}.Release|Any CPU.ActiveCfg = Release|Any CPU
		{4759A24D-5A2E-4642-8C4D-D659E94C8A19}.Release|Any CPU.Build.0 = Release|Any CPU
		{C2A5FD76-89ED-4895-A842-5910C0E9401D}.Debug|Any CPU.ActiveCfg = Debug|Any CPU
		{C2A5FD76-89ED-4895-A842-5910C0E9401D}.Debug|Any CPU.Build.0 = Debug|Any CPU
		{C2A5FD76-89ED-4895-A842-5910C0E9401D}.Release|Any CPU.ActiveCfg = Release|Any CPU
		{C2A5FD76-89ED-4895-A842-5910C0E9401D}.Release|Any CPU.Build.0 = Release|Any CPU
	EndGlobalSection
	GlobalSection(SolutionProperties) = preSolution
		HideSolutionNode = FALSE
	EndGlobalSection
	GlobalSection(NestedProjects) = preSolution
		{E77AA4A9-C46C-468E-B9F7-4987FC77552D} = {02EA681E-C7D8-13C7-8484-4AC65E1B71E8}
		{6205BB90-6C5C-4D04-988A-C4F5A027BD5B} = {02EA681E-C7D8-13C7-8484-4AC65E1B71E8}
		{F96928AE-223D-4E1A-8A99-8ADF7C6B52B1} = {02EA681E-C7D8-13C7-8484-4AC65E1B71E8}
		{CDCF6580-6F1D-4113-867F-64F5B6F9A638} = {E0929DCE-82D5-4E34-9541-957AD397EA6C}
		{58B250C3-1FE5-4BDB-BCC1-57640B2BE41B} = {E0929DCE-82D5-4E34-9541-957AD397EA6C}
		{A8BFE611-E412-42CF-8E7F-ADCBA6593E9C} = {E0929DCE-82D5-4E34-9541-957AD397EA6C}
		{BA993B94-3F07-4439-B0D9-A4609756F3C3} = {3C28AD04-7BD7-4F22-A3BB-BEFB13CBD69A}
		{E36EC016-43DC-4B19-B698-AFE1CB0B4DC3} = {3C28AD04-7BD7-4F22-A3BB-BEFB13CBD69A}
		{E60BDD5D-C368-41D8-95BF-1DB6EDA17439} = {3C28AD04-7BD7-4F22-A3BB-BEFB13CBD69A}
		{C0BA66B4-8207-4C60-BCE8-299CD7DADEBB} = {A598D44A-AAC0-420A-9905-186424913E45}
		{7373B05F-EA2D-4511-8851-8427C5069A58} = {A598D44A-AAC0-420A-9905-186424913E45}
		{EBDA5C2A-DF59-493D-AC96-6E76FEBBF9A6} = {A598D44A-AAC0-420A-9905-186424913E45}
		{7C442AF3-D3BE-44FD-ABE5-39855E11A0D6} = {E94574D1-86D9-4FDF-ADBC-F425106940D8}
		{778C1C94-F6DE-4E2C-82D3-9FB8F2302837} = {E94574D1-86D9-4FDF-ADBC-F425106940D8}
		{6058962A-3B14-4D3A-AE19-7A17A74B93C4} = {E94574D1-86D9-4FDF-ADBC-F425106940D8}
		{D464D5C9-84E6-4691-B7DB-8DDB8DE862A3} = {08191550-F44A-463C-9FDB-3FF334729A27}
		{4759A24D-5A2E-4642-8C4D-D659E94C8A19} = {08191550-F44A-463C-9FDB-3FF334729A27}
		{C2A5FD76-89ED-4895-A842-5910C0E9401D} = {08191550-F44A-463C-9FDB-3FF334729A27}
	EndGlobalSection
	GlobalSection(ExtensibilityGlobals) = postSolution
		SolutionGuid = {F74521D0-D353-4CB0-BF71-4316F863816C}
	EndGlobalSection
EndGlobal
